// !$*UTF8*$!
{
	archiveVersion = 1;
	classes = {
	};
	objectVersion = 56;
	objects = {

/* Begin PBXBuildFile section */
		CE547A952B31D0100061534C /* AppDelegate.swift in Sources */ = {isa = PBXBuildFile; fileRef = CE547A942B31D0100061534C /* AppDelegate.swift */; };
		CE547A972B31D0100061534C /* SceneDelegate.swift in Sources */ = {isa = PBXBuildFile; fileRef = CE547A962B31D0100061534C /* SceneDelegate.swift */; };
		CE547A9C2B31D0100061534C /* Main.storyboard in Resources */ = {isa = PBXBuildFile; fileRef = CE547A9A2B31D0100061534C /* Main.storyboard */; };
		CE547A9E2B31D0120061534C /* Assets.xcassets in Resources */ = {isa = PBXBuildFile; fileRef = CE547A9D2B31D0120061534C /* Assets.xcassets */; };
		CE547AA12B31D0120061534C /* LaunchScreen.storyboard in Resources */ = {isa = PBXBuildFile; fileRef = CE547A9F2B31D0120061534C /* LaunchScreen.storyboard */; };
		CE547AAC2B31D0120061534C /* NewsAppInstantTests.swift in Sources */ = {isa = PBXBuildFile; fileRef = CE547AAB2B31D0120061534C /* NewsAppInstantTests.swift */; };
		CE547AB82B31D0120061534C /* NewsAppInstantUITestsLaunchTests.swift in Sources */ = {isa = PBXBuildFile; fileRef = CE547AB72B31D0120061534C /* NewsAppInstantUITestsLaunchTests.swift */; };
		CE547AC52B31D5E00061534C /* AppDependencies.swift in Sources */ = {isa = PBXBuildFile; fileRef = CE547AC42B31D5E00061534C /* AppDependencies.swift */; };
		CE547ACD2B31D6850061534C /* HTTPClient.swift in Sources */ = {isa = PBXBuildFile; fileRef = CE547AC82B31D6850061534C /* HTTPClient.swift */; };
		CE547ACE2B31D6850061534C /* GenericDecoder.swift in Sources */ = {isa = PBXBuildFile; fileRef = CE547ACA2B31D6850061534C /* GenericDecoder.swift */; };
		CE547AD02B31D6850061534C /* NetworkingServiceError.swift in Sources */ = {isa = PBXBuildFile; fileRef = CE547AC92B31D6850061534C /* NetworkingServiceError.swift */; };
		CE547AD12B31D6850061534C /* URLSessionHTTPClient.swift in Sources */ = {isa = PBXBuildFile; fileRef = CE547ACB2B31D6850061534C /* URLSessionHTTPClient.swift */; };
		CE547AD52B31D7CB0061534C /* NewsViewController.swift in Sources */ = {isa = PBXBuildFile; fileRef = CE547AD32B31D7CB0061534C /* NewsViewController.swift */; };
		CE547AD62B31D7CB0061534C /* NewsViewController.xib in Resources */ = {isa = PBXBuildFile; fileRef = CE547AD42B31D7CB0061534C /* NewsViewController.xib */; };
		CE547AD82B31DAF40061534C /* NewsApiServiceProtocol.swift in Sources */ = {isa = PBXBuildFile; fileRef = CE547AD72B31DAF40061534C /* NewsApiServiceProtocol.swift */; };
		CE547ADA2B31DBE30061534C /* Article.swift in Sources */ = {isa = PBXBuildFile; fileRef = CE547AD92B31DBE30061534C /* Article.swift */; };
		CE547ADD2B31E0B70061534C /* Extensions.swift in Sources */ = {isa = PBXBuildFile; fileRef = CE547ADC2B31E0B70061534C /* Extensions.swift */; };
		CE547ADF2B31E2870061534C /* NewsApiManagerProtocol.swift in Sources */ = {isa = PBXBuildFile; fileRef = CE547ADE2B31E2870061534C /* NewsApiManagerProtocol.swift */; };
		CE547AE12B31E5090061534C /* NewsControllerViewModel.swift in Sources */ = {isa = PBXBuildFile; fileRef = CE547AE02B31E5090061534C /* NewsControllerViewModel.swift */; };
		CE547AED2B31F3810061534C /* NewsTableViewCell.swift in Sources */ = {isa = PBXBuildFile; fileRef = CE547AEB2B31F3810061534C /* NewsTableViewCell.swift */; };
		CE547AEE2B31F3810061534C /* NewsTableViewCell.xib in Resources */ = {isa = PBXBuildFile; fileRef = CE547AEC2B31F3810061534C /* NewsTableViewCell.xib */; };
		CE547AF02B31F5E90061534C /* OnDiskImageCaching.swift in Sources */ = {isa = PBXBuildFile; fileRef = CE547AEF2B31F5E90061534C /* OnDiskImageCaching.swift */; };
		CE547AF22B32001A0061534C /* NewsViewRouter.swift in Sources */ = {isa = PBXBuildFile; fileRef = CE547AF12B32001A0061534C /* NewsViewRouter.swift */; };
		CE547AF42B32002C0061534C /* Routing.swift in Sources */ = {isa = PBXBuildFile; fileRef = CE547AF32B32002C0061534C /* Routing.swift */; };
		CE547AFB2B32047E0061534C /* NewsDetailsViewController.swift in Sources */ = {isa = PBXBuildFile; fileRef = CE547AF92B32047E0061534C /* NewsDetailsViewController.swift */; };
		CE547AFC2B32047E0061534C /* NewsDetailsViewController.xib in Resources */ = {isa = PBXBuildFile; fileRef = CE547AFA2B32047E0061534C /* NewsDetailsViewController.xib */; };
		CE608B962B324D0700DB94D5 /* NewsDetailsViewControllerViewModel.swift in Sources */ = {isa = PBXBuildFile; fileRef = CE608B952B324D0700DB94D5 /* NewsDetailsViewControllerViewModel.swift */; };
/* End PBXBuildFile section */

/* Begin PBXContainerItemProxy section */
		CE547AA82B31D0120061534C /* PBXContainerItemProxy */ = {
			isa = PBXContainerItemProxy;
			containerPortal = CE547A892B31D0100061534C /* Project object */;
			proxyType = 1;
			remoteGlobalIDString = CE547A902B31D0100061534C;
			remoteInfo = NewsAppInstant;
		};
		CE547AB22B31D0120061534C /* PBXContainerItemProxy */ = {
			isa = PBXContainerItemProxy;
			containerPortal = CE547A892B31D0100061534C /* Project object */;
			proxyType = 1;
			remoteGlobalIDString = CE547A902B31D0100061534C;
			remoteInfo = NewsAppInstant;
		};
/* End PBXContainerItemProxy section */

/* Begin PBXFileReference section */
		CE547A912B31D0100061534C /* NewsAppInstant.app */ = {isa = PBXFileReference; explicitFileType = wrapper.application; includeInIndex = 0; path = NewsAppInstant.app; sourceTree = BUILT_PRODUCTS_DIR; };
		CE547A942B31D0100061534C /* AppDelegate.swift */ = {isa = PBXFileReference; lastKnownFileType = sourcecode.swift; path = AppDelegate.swift; sourceTree = "<group>"; };
		CE547A962B31D0100061534C /* SceneDelegate.swift */ = {isa = PBXFileReference; lastKnownFileType = sourcecode.swift; path = SceneDelegate.swift; sourceTree = "<group>"; };
		CE547A9B2B31D0100061534C /* Base */ = {isa = PBXFileReference; lastKnownFileType = file.storyboard; name = Base; path = Base.lproj/Main.storyboard; sourceTree = "<group>"; };
		CE547A9D2B31D0120061534C /* Assets.xcassets */ = {isa = PBXFileReference; lastKnownFileType = folder.assetcatalog; path = Assets.xcassets; sourceTree = "<group>"; };
		CE547AA02B31D0120061534C /* Base */ = {isa = PBXFileReference; lastKnownFileType = file.storyboard; name = Base; path = Base.lproj/LaunchScreen.storyboard; sourceTree = "<group>"; };
		CE547AA22B31D0120061534C /* Info.plist */ = {isa = PBXFileReference; lastKnownFileType = text.plist.xml; path = Info.plist; sourceTree = "<group>"; };
		CE547AA72B31D0120061534C /* NewsAppInstantTests.xctest */ = {isa = PBXFileReference; explicitFileType = wrapper.cfbundle; includeInIndex = 0; path = NewsAppInstantTests.xctest; sourceTree = BUILT_PRODUCTS_DIR; };
		CE547AAB2B31D0120061534C /* NewsAppInstantTests.swift */ = {isa = PBXFileReference; lastKnownFileType = sourcecode.swift; path = NewsAppInstantTests.swift; sourceTree = "<group>"; };
		CE547AB12B31D0120061534C /* NewsAppInstantUITests.xctest */ = {isa = PBXFileReference; explicitFileType = wrapper.cfbundle; includeInIndex = 0; path = NewsAppInstantUITests.xctest; sourceTree = BUILT_PRODUCTS_DIR; };
		CE547AB72B31D0120061534C /* NewsAppInstantUITestsLaunchTests.swift */ = {isa = PBXFileReference; lastKnownFileType = sourcecode.swift; path = NewsAppInstantUITestsLaunchTests.swift; sourceTree = "<group>"; };
		CE547AC42B31D5E00061534C /* AppDependencies.swift */ = {isa = PBXFileReference; lastKnownFileType = sourcecode.swift; path = AppDependencies.swift; sourceTree = "<group>"; };
		CE547AC82B31D6850061534C /* HTTPClient.swift */ = {isa = PBXFileReference; lastKnownFileType = sourcecode.swift; path = HTTPClient.swift; sourceTree = "<group>"; };
		CE547AC92B31D6850061534C /* NetworkingServiceError.swift */ = {isa = PBXFileReference; lastKnownFileType = sourcecode.swift; path = NetworkingServiceError.swift; sourceTree = "<group>"; };
		CE547ACA2B31D6850061534C /* GenericDecoder.swift */ = {isa = PBXFileReference; lastKnownFileType = sourcecode.swift; path = GenericDecoder.swift; sourceTree = "<group>"; };
		CE547ACB2B31D6850061534C /* URLSessionHTTPClient.swift */ = {isa = PBXFileReference; lastKnownFileType = sourcecode.swift; path = URLSessionHTTPClient.swift; sourceTree = "<group>"; };
		CE547AD32B31D7CB0061534C /* NewsViewController.swift */ = {isa = PBXFileReference; lastKnownFileType = sourcecode.swift; path = NewsViewController.swift; sourceTree = "<group>"; };
		CE547AD42B31D7CB0061534C /* NewsViewController.xib */ = {isa = PBXFileReference; lastKnownFileType = file.xib; path = NewsViewController.xib; sourceTree = "<group>"; };
		CE547AD72B31DAF40061534C /* NewsApiServiceProtocol.swift */ = {isa = PBXFileReference; lastKnownFileType = sourcecode.swift; path = NewsApiServiceProtocol.swift; sourceTree = "<group>"; };
		CE547AD92B31DBE30061534C /* Article.swift */ = {isa = PBXFileReference; lastKnownFileType = sourcecode.swift; path = Article.swift; sourceTree = "<group>"; };
		CE547ADC2B31E0B70061534C /* Extensions.swift */ = {isa = PBXFileReference; lastKnownFileType = sourcecode.swift; path = Extensions.swift; sourceTree = "<group>"; };
		CE547ADE2B31E2870061534C /* NewsApiManagerProtocol.swift */ = {isa = PBXFileReference; lastKnownFileType = sourcecode.swift; path = NewsApiManagerProtocol.swift; sourceTree = "<group>"; };
		CE547AE02B31E5090061534C /* NewsControllerViewModel.swift */ = {isa = PBXFileReference; lastKnownFileType = sourcecode.swift; path = NewsControllerViewModel.swift; sourceTree = "<group>"; };
		CE547AEB2B31F3810061534C /* NewsTableViewCell.swift */ = {isa = PBXFileReference; lastKnownFileType = sourcecode.swift; path = NewsTableViewCell.swift; sourceTree = "<group>"; };
		CE547AEC2B31F3810061534C /* NewsTableViewCell.xib */ = {isa = PBXFileReference; lastKnownFileType = file.xib; path = NewsTableViewCell.xib; sourceTree = "<group>"; };
		CE547AEF2B31F5E90061534C /* OnDiskImageCaching.swift */ = {isa = PBXFileReference; lastKnownFileType = sourcecode.swift; path = OnDiskImageCaching.swift; sourceTree = "<group>"; };
		CE547AF12B32001A0061534C /* NewsViewRouter.swift */ = {isa = PBXFileReference; lastKnownFileType = sourcecode.swift; path = NewsViewRouter.swift; sourceTree = "<group>"; };
		CE547AF32B32002C0061534C /* Routing.swift */ = {isa = PBXFileReference; lastKnownFileType = sourcecode.swift; path = Routing.swift; sourceTree = "<group>"; };
		CE547AF92B32047E0061534C /* NewsDetailsViewController.swift */ = {isa = PBXFileReference; lastKnownFileType = sourcecode.swift; path = NewsDetailsViewController.swift; sourceTree = "<group>"; };
		CE547AFA2B32047E0061534C /* NewsDetailsViewController.xib */ = {isa = PBXFileReference; lastKnownFileType = file.xib; path = NewsDetailsViewController.xib; sourceTree = "<group>"; };
		CE608B952B324D0700DB94D5 /* NewsDetailsViewControllerViewModel.swift */ = {isa = PBXFileReference; lastKnownFileType = sourcecode.swift; path = NewsDetailsViewControllerViewModel.swift; sourceTree = "<group>"; };
/* End PBXFileReference section */

/* Begin PBXFrameworksBuildPhase section */
		CE547A8E2B31D0100061534C /* Frameworks */ = {
			isa = PBXFrameworksBuildPhase;
			buildActionMask = 2147483647;
			files = (
			);
			runOnlyForDeploymentPostprocessing = 0;
		};
		CE547AA42B31D0120061534C /* Frameworks */ = {
			isa = PBXFrameworksBuildPhase;
			buildActionMask = 2147483647;
			files = (
			);
			runOnlyForDeploymentPostprocessing = 0;
		};
		CE547AAE2B31D0120061534C /* Frameworks */ = {
			isa = PBXFrameworksBuildPhase;
			buildActionMask = 2147483647;
			files = (
			);
			runOnlyForDeploymentPostprocessing = 0;
		};
/* End PBXFrameworksBuildPhase section */

/* Begin PBXGroup section */
		CE547A882B31D0100061534C = {
			isa = PBXGroup;
			children = (
				CE547A932B31D0100061534C /* NewsAppInstant */,
				CE547AAA2B31D0120061534C /* NewsAppInstantTests */,
				CE547AB42B31D0120061534C /* NewsAppInstantUITests */,
				CE547A922B31D0100061534C /* Products */,
			);
			sourceTree = "<group>";
		};
		CE547A922B31D0100061534C /* Products */ = {
			isa = PBXGroup;
			children = (
				CE547A912B31D0100061534C /* NewsAppInstant.app */,
				CE547AA72B31D0120061534C /* NewsAppInstantTests.xctest */,
				CE547AB12B31D0120061534C /* NewsAppInstantUITests.xctest */,
			);
			name = Products;
			sourceTree = "<group>";
		};
		CE547A932B31D0100061534C /* NewsAppInstant */ = {
			isa = PBXGroup;
			children = (
				CE547AF52B3200DC0061534C /* Routing */,
				CE547AEF2B31F5E90061534C /* OnDiskImageCaching.swift */,
				CE547ADC2B31E0B70061534C /* Extensions.swift */,
				CE547A942B31D0100061534C /* AppDelegate.swift */,
				CE547A962B31D0100061534C /* SceneDelegate.swift */,
				CE547AE22B31F0C80061534C /* CompositionRoot */,
				CE547AE62B31F1540061534C /* Data */,
				CE547AE42B31F1160061534C /* Business */,
				CE547AE52B31F12B0061534C /* Presentation */,
				CE547A9A2B31D0100061534C /* Main.storyboard */,
				CE547A9D2B31D0120061534C /* Assets.xcassets */,
				CE547A9F2B31D0120061534C /* LaunchScreen.storyboard */,
				CE547AA22B31D0120061534C /* Info.plist */,
			);
			path = NewsAppInstant;
			sourceTree = "<group>";
		};
		CE547AAA2B31D0120061534C /* NewsAppInstantTests */ = {
			isa = PBXGroup;
			children = (
				CE547AAB2B31D0120061534C /* NewsAppInstantTests.swift */,
			);
			path = NewsAppInstantTests;
			sourceTree = "<group>";
		};
		CE547AB42B31D0120061534C /* NewsAppInstantUITests */ = {
			isa = PBXGroup;
			children = (
				CE547AB72B31D0120061534C /* NewsAppInstantUITestsLaunchTests.swift */,
			);
			path = NewsAppInstantUITests;
			sourceTree = "<group>";
		};
		CE547AD22B31D68E0061534C /* Networking */ = {
			isa = PBXGroup;
			children = (
				CE547ACA2B31D6850061534C /* GenericDecoder.swift */,
				CE547AC82B31D6850061534C /* HTTPClient.swift */,
				CE547AC92B31D6850061534C /* NetworkingServiceError.swift */,
				CE547ACB2B31D6850061534C /* URLSessionHTTPClient.swift */,
			);
			path = Networking;
			sourceTree = "<group>";
		};
		CE547ADB2B31DBE90061534C /* Model */ = {
			isa = PBXGroup;
			children = (
				CE547AD92B31DBE30061534C /* Article.swift */,
			);
			path = Model;
			sourceTree = "<group>";
		};
		CE547AE22B31F0C80061534C /* CompositionRoot */ = {
			isa = PBXGroup;
			children = (
				CE547AC42B31D5E00061534C /* AppDependencies.swift */,
			);
			path = CompositionRoot;
			sourceTree = "<group>";
		};
		CE547AE32B31F0EE0061534C /* Service */ = {
			isa = PBXGroup;
			children = (
				CE547AD72B31DAF40061534C /* NewsApiServiceProtocol.swift */,
				CE547ADE2B31E2870061534C /* NewsApiManagerProtocol.swift */,
			);
			path = Service;
			sourceTree = "<group>";
		};
		CE547AE42B31F1160061534C /* Business */ = {
			isa = PBXGroup;
			children = (
				CE547AE32B31F0EE0061534C /* Service */,
			);
			path = Business;
			sourceTree = "<group>";
		};
		CE547AE52B31F12B0061534C /* Presentation */ = {
			isa = PBXGroup;
			children = (
				CE547AF62B3201920061534C /* ArticlesView */,
				CE547AF82B3201D60061534C /* ArticleDetails */,
			);
			path = Presentation;
			sourceTree = "<group>";
		};
		CE547AE62B31F1540061534C /* Data */ = {
			isa = PBXGroup;
			children = (
				CE547AD22B31D68E0061534C /* Networking */,
				CE547ADB2B31DBE90061534C /* Model */,
			);
			path = Data;
			sourceTree = "<group>";
		};
		CE547AF52B3200DC0061534C /* Routing */ = {
			isa = PBXGroup;
			children = (
				CE547AF12B32001A0061534C /* NewsViewRouter.swift */,
				CE547AF32B32002C0061534C /* Routing.swift */,
			);
			path = Routing;
			sourceTree = "<group>";
		};
		CE547AF62B3201920061534C /* ArticlesView */ = {
			isa = PBXGroup;
			children = (
				CE547AD32B31D7CB0061534C /* NewsViewController.swift */,
				CE547AE02B31E5090061534C /* NewsControllerViewModel.swift */,
				CE547AD42B31D7CB0061534C /* NewsViewController.xib */,
				CE547AF72B3201AA0061534C /* Cell */,
			);
			path = ArticlesView;
			sourceTree = "<group>";
		};
		CE547AF72B3201AA0061534C /* Cell */ = {
			isa = PBXGroup;
			children = (
				CE547AEB2B31F3810061534C /* NewsTableViewCell.swift */,
				CE547AEC2B31F3810061534C /* NewsTableViewCell.xib */,
			);
			path = Cell;
			sourceTree = "<group>";
		};
		CE547AF82B3201D60061534C /* ArticleDetails */ = {
			isa = PBXGroup;
			children = (
				CE547AF92B32047E0061534C /* NewsDetailsViewController.swift */,
				CE547AFA2B32047E0061534C /* NewsDetailsViewController.xib */,
				CE608B952B324D0700DB94D5 /* NewsDetailsViewControllerViewModel.swift */,
			);
			path = ArticleDetails;
			sourceTree = "<group>";
		};
/* End PBXGroup section */

/* Begin PBXNativeTarget section */
		CE547A902B31D0100061534C /* NewsAppInstant */ = {
			isa = PBXNativeTarget;
			buildConfigurationList = CE547ABB2B31D0120061534C /* Build configuration list for PBXNativeTarget "NewsAppInstant" */;
			buildPhases = (
				CE547A8D2B31D0100061534C /* Sources */,
				CE547A8E2B31D0100061534C /* Frameworks */,
				CE547A8F2B31D0100061534C /* Resources */,
			);
			buildRules = (
			);
			dependencies = (
			);
			name = NewsAppInstant;
			productName = NewsAppInstant;
			productReference = CE547A912B31D0100061534C /* NewsAppInstant.app */;
			productType = "com.apple.product-type.application";
		};
		CE547AA62B31D0120061534C /* NewsAppInstantTests */ = {
			isa = PBXNativeTarget;
			buildConfigurationList = CE547ABE2B31D0120061534C /* Build configuration list for PBXNativeTarget "NewsAppInstantTests" */;
			buildPhases = (
				CE547AA32B31D0120061534C /* Sources */,
				CE547AA42B31D0120061534C /* Frameworks */,
				CE547AA52B31D0120061534C /* Resources */,
			);
			buildRules = (
			);
			dependencies = (
				CE547AA92B31D0120061534C /* PBXTargetDependency */,
			);
			name = NewsAppInstantTests;
			productName = NewsAppInstantTests;
			productReference = CE547AA72B31D0120061534C /* NewsAppInstantTests.xctest */;
			productType = "com.apple.product-type.bundle.unit-test";
		};
		CE547AB02B31D0120061534C /* NewsAppInstantUITests */ = {
			isa = PBXNativeTarget;
			buildConfigurationList = CE547AC12B31D0120061534C /* Build configuration list for PBXNativeTarget "NewsAppInstantUITests" */;
			buildPhases = (
				CE547AAD2B31D0120061534C /* Sources */,
				CE547AAE2B31D0120061534C /* Frameworks */,
				CE547AAF2B31D0120061534C /* Resources */,
			);
			buildRules = (
			);
			dependencies = (
				CE547AB32B31D0120061534C /* PBXTargetDependency */,
			);
			name = NewsAppInstantUITests;
			productName = NewsAppInstantUITests;
			productReference = CE547AB12B31D0120061534C /* NewsAppInstantUITests.xctest */;
			productType = "com.apple.product-type.bundle.ui-testing";
		};
/* End PBXNativeTarget section */

/* Begin PBXProject section */
		CE547A892B31D0100061534C /* Project object */ = {
			isa = PBXProject;
			attributes = {
				BuildIndependentTargetsInParallel = 1;
				LastSwiftUpdateCheck = 1500;
				LastUpgradeCheck = 1500;
				TargetAttributes = {
					CE547A902B31D0100061534C = {
						CreatedOnToolsVersion = 15.0.1;
					};
					CE547AA62B31D0120061534C = {
						CreatedOnToolsVersion = 15.0.1;
						TestTargetID = CE547A902B31D0100061534C;
					};
					CE547AB02B31D0120061534C = {
						CreatedOnToolsVersion = 15.0.1;
						TestTargetID = CE547A902B31D0100061534C;
					};
				};
			};
			buildConfigurationList = CE547A8C2B31D0100061534C /* Build configuration list for PBXProject "NewsAppInstant" */;
			compatibilityVersion = "Xcode 14.0";
			developmentRegion = en;
			hasScannedForEncodings = 0;
			knownRegions = (
				en,
				Base,
			);
			mainGroup = CE547A882B31D0100061534C;
			productRefGroup = CE547A922B31D0100061534C /* Products */;
			projectDirPath = "";
			projectRoot = "";
			targets = (
				CE547A902B31D0100061534C /* NewsAppInstant */,
				CE547AA62B31D0120061534C /* NewsAppInstantTests */,
				CE547AB02B31D0120061534C /* NewsAppInstantUITests */,
			);
		};
/* End PBXProject section */

/* Begin PBXResourcesBuildPhase section */
		CE547A8F2B31D0100061534C /* Resources */ = {
			isa = PBXResourcesBuildPhase;
			buildActionMask = 2147483647;
			files = (
				CE547AFC2B32047E0061534C /* NewsDetailsViewController.xib in Resources */,
				CE547AA12B31D0120061534C /* LaunchScreen.storyboard in Resources */,
				CE547A9E2B31D0120061534C /* Assets.xcassets in Resources */,
				CE547A9C2B31D0100061534C /* Main.storyboard in Resources */,
				CE547AEE2B31F3810061534C /* NewsTableViewCell.xib in Resources */,
				CE547AD62B31D7CB0061534C /* NewsViewController.xib in Resources */,
			);
			runOnlyForDeploymentPostprocessing = 0;
		};
		CE547AA52B31D0120061534C /* Resources */ = {
			isa = PBXResourcesBuildPhase;
			buildActionMask = 2147483647;
			files = (
			);
			runOnlyForDeploymentPostprocessing = 0;
		};
		CE547AAF2B31D0120061534C /* Resources */ = {
			isa = PBXResourcesBuildPhase;
			buildActionMask = 2147483647;
			files = (
			);
			runOnlyForDeploymentPostprocessing = 0;
		};
/* End PBXResourcesBuildPhase section */

/* Begin PBXSourcesBuildPhase section */
		CE547A8D2B31D0100061534C /* Sources */ = {
			isa = PBXSourcesBuildPhase;
			buildActionMask = 2147483647;
			files = (
				CE547AC52B31D5E00061534C /* AppDependencies.swift in Sources */,
				CE547AD82B31DAF40061534C /* NewsApiServiceProtocol.swift in Sources */,
				CE547AED2B31F3810061534C /* NewsTableViewCell.swift in Sources */,
				CE547ACD2B31D6850061534C /* HTTPClient.swift in Sources */,
				CE547AD02B31D6850061534C /* NetworkingServiceError.swift in Sources */,
				CE547AD52B31D7CB0061534C /* NewsViewController.swift in Sources */,
				CE608B962B324D0700DB94D5 /* NewsDetailsViewControllerViewModel.swift in Sources */,
				CE547AFB2B32047E0061534C /* NewsDetailsViewController.swift in Sources */,
				CE547ADF2B31E2870061534C /* NewsApiManagerProtocol.swift in Sources */,
				CE547AE12B31E5090061534C /* NewsControllerViewModel.swift in Sources */,
				CE547A952B31D0100061534C /* AppDelegate.swift in Sources */,
				CE547ADD2B31E0B70061534C /* Extensions.swift in Sources */,
				CE547AF02B31F5E90061534C /* OnDiskImageCaching.swift in Sources */,
				CE547AF22B32001A0061534C /* NewsViewRouter.swift in Sources */,
				CE547ACE2B31D6850061534C /* GenericDecoder.swift in Sources */,
				CE547AF42B32002C0061534C /* Routing.swift in Sources */,
				CE547ADA2B31DBE30061534C /* Article.swift in Sources */,
				CE547A972B31D0100061534C /* SceneDelegate.swift in Sources */,
				CE547AD12B31D6850061534C /* URLSessionHTTPClient.swift in Sources */,
			);
			runOnlyForDeploymentPostprocessing = 0;
		};
		CE547AA32B31D0120061534C /* Sources */ = {
			isa = PBXSourcesBuildPhase;
			buildActionMask = 2147483647;
			files = (
				CE547AAC2B31D0120061534C /* NewsAppInstantTests.swift in Sources */,
			);
			runOnlyForDeploymentPostprocessing = 0;
		};
		CE547AAD2B31D0120061534C /* Sources */ = {
			isa = PBXSourcesBuildPhase;
			buildActionMask = 2147483647;
			files = (
				CE547AB82B31D0120061534C /* NewsAppInstantUITestsLaunchTests.swift in Sources */,
			);
			runOnlyForDeploymentPostprocessing = 0;
		};
/* End PBXSourcesBuildPhase section */

/* Begin PBXTargetDependency section */
		CE547AA92B31D0120061534C /* PBXTargetDependency */ = {
			isa = PBXTargetDependency;
			target = CE547A902B31D0100061534C /* NewsAppInstant */;
			targetProxy = CE547AA82B31D0120061534C /* PBXContainerItemProxy */;
		};
		CE547AB32B31D0120061534C /* PBXTargetDependency */ = {
			isa = PBXTargetDependency;
			target = CE547A902B31D0100061534C /* NewsAppInstant */;
			targetProxy = CE547AB22B31D0120061534C /* PBXContainerItemProxy */;
		};
/* End PBXTargetDependency section */

/* Begin PBXVariantGroup section */
		CE547A9A2B31D0100061534C /* Main.storyboard */ = {
			isa = PBXVariantGroup;
			children = (
				CE547A9B2B31D0100061534C /* Base */,
			);
			name = Main.storyboard;
			sourceTree = "<group>";
		};
		CE547A9F2B31D0120061534C /* LaunchScreen.storyboard */ = {
			isa = PBXVariantGroup;
			children = (
				CE547AA02B31D0120061534C /* Base */,
			);
			name = LaunchScreen.storyboard;
			sourceTree = "<group>";
		};
/* End PBXVariantGroup section */

/* Begin XCBuildConfiguration section */
		CE547AB92B31D0120061534C /* Debug */ = {
			isa = XCBuildConfiguration;
			buildSettings = {
				ALWAYS_SEARCH_USER_PATHS = NO;
				ASSETCATALOG_COMPILER_GENERATE_SWIFT_ASSET_SYMBOL_EXTENSIONS = YES;
				CLANG_ANALYZER_NONNULL = YES;
				CLANG_ANALYZER_NUMBER_OBJECT_CONVERSION = YES_AGGRESSIVE;
				CLANG_CXX_LANGUAGE_STANDARD = "gnu++20";
				CLANG_ENABLE_MODULES = YES;
				CLANG_ENABLE_OBJC_ARC = YES;
				CLANG_ENABLE_OBJC_WEAK = YES;
				CLANG_WARN_BLOCK_CAPTURE_AUTORELEASING = YES;
				CLANG_WARN_BOOL_CONVERSION = YES;
				CLANG_WARN_COMMA = YES;
				CLANG_WARN_CONSTANT_CONVERSION = YES;
				CLANG_WARN_DEPRECATED_OBJC_IMPLEMENTATIONS = YES;
				CLANG_WARN_DIRECT_OBJC_ISA_USAGE = YES_ERROR;
				CLANG_WARN_DOCUMENTATION_COMMENTS = YES;
				CLANG_WARN_EMPTY_BODY = YES;
				CLANG_WARN_ENUM_CONVERSION = YES;
				CLANG_WARN_INFINITE_RECURSION = YES;
				CLANG_WARN_INT_CONVERSION = YES;
				CLANG_WARN_NON_LITERAL_NULL_CONVERSION = YES;
				CLANG_WARN_OBJC_IMPLICIT_RETAIN_SELF = YES;
				CLANG_WARN_OBJC_LITERAL_CONVERSION = YES;
				CLANG_WARN_OBJC_ROOT_CLASS = YES_ERROR;
				CLANG_WARN_QUOTED_INCLUDE_IN_FRAMEWORK_HEADER = YES;
				CLANG_WARN_RANGE_LOOP_ANALYSIS = YES;
				CLANG_WARN_STRICT_PROTOTYPES = YES;
				CLANG_WARN_SUSPICIOUS_MOVE = YES;
				CLANG_WARN_UNGUARDED_AVAILABILITY = YES_AGGRESSIVE;
				CLANG_WARN_UNREACHABLE_CODE = YES;
				CLANG_WARN__DUPLICATE_METHOD_MATCH = YES;
				COPY_PHASE_STRIP = NO;
				DEBUG_INFORMATION_FORMAT = dwarf;
				ENABLE_STRICT_OBJC_MSGSEND = YES;
				ENABLE_TESTABILITY = YES;
				ENABLE_USER_SCRIPT_SANDBOXING = YES;
				GCC_C_LANGUAGE_STANDARD = gnu17;
				GCC_DYNAMIC_NO_PIC = NO;
				GCC_NO_COMMON_BLOCKS = YES;
				GCC_OPTIMIZATION_LEVEL = 0;
				GCC_PREPROCESSOR_DEFINITIONS = (
					"DEBUG=1",
					"$(inherited)",
				);
				GCC_WARN_64_TO_32_BIT_CONVERSION = YES;
				GCC_WARN_ABOUT_RETURN_TYPE = YES_ERROR;
				GCC_WARN_UNDECLARED_SELECTOR = YES;
				GCC_WARN_UNINITIALIZED_AUTOS = YES_AGGRESSIVE;
				GCC_WARN_UNUSED_FUNCTION = YES;
				GCC_WARN_UNUSED_VARIABLE = YES;
				IPHONEOS_DEPLOYMENT_TARGET = 17.0;
				LOCALIZATION_PREFERS_STRING_CATALOGS = YES;
				MTL_ENABLE_DEBUG_INFO = INCLUDE_SOURCE;
				MTL_FAST_MATH = YES;
				ONLY_ACTIVE_ARCH = YES;
				SDKROOT = iphoneos;
				SWIFT_ACTIVE_COMPILATION_CONDITIONS = "DEBUG $(inherited)";
				SWIFT_OPTIMIZATION_LEVEL = "-Onone";
			};
			name = Debug;
		};
		CE547ABA2B31D0120061534C /* Release */ = {
			isa = XCBuildConfiguration;
			buildSettings = {
				ALWAYS_SEARCH_USER_PATHS = NO;
				ASSETCATALOG_COMPILER_GENERATE_SWIFT_ASSET_SYMBOL_EXTENSIONS = YES;
				CLANG_ANALYZER_NONNULL = YES;
				CLANG_ANALYZER_NUMBER_OBJECT_CONVERSION = YES_AGGRESSIVE;
				CLANG_CXX_LANGUAGE_STANDARD = "gnu++20";
				CLANG_ENABLE_MODULES = YES;
				CLANG_ENABLE_OBJC_ARC = YES;
				CLANG_ENABLE_OBJC_WEAK = YES;
				CLANG_WARN_BLOCK_CAPTURE_AUTORELEASING = YES;
				CLANG_WARN_BOOL_CONVERSION = YES;
				CLANG_WARN_COMMA = YES;
				CLANG_WARN_CONSTANT_CONVERSION = YES;
				CLANG_WARN_DEPRECATED_OBJC_IMPLEMENTATIONS = YES;
				CLANG_WARN_DIRECT_OBJC_ISA_USAGE = YES_ERROR;
				CLANG_WARN_DOCUMENTATION_COMMENTS = YES;
				CLANG_WARN_EMPTY_BODY = YES;
				CLANG_WARN_ENUM_CONVERSION = YES;
				CLANG_WARN_INFINITE_RECURSION = YES;
				CLANG_WARN_INT_CONVERSION = YES;
				CLANG_WARN_NON_LITERAL_NULL_CONVERSION = YES;
				CLANG_WARN_OBJC_IMPLICIT_RETAIN_SELF = YES;
				CLANG_WARN_OBJC_LITERAL_CONVERSION = YES;
				CLANG_WARN_OBJC_ROOT_CLASS = YES_ERROR;
				CLANG_WARN_QUOTED_INCLUDE_IN_FRAMEWORK_HEADER = YES;
				CLANG_WARN_RANGE_LOOP_ANALYSIS = YES;
				CLANG_WARN_STRICT_PROTOTYPES = YES;
				CLANG_WARN_SUSPICIOUS_MOVE = YES;
				CLANG_WARN_UNGUARDED_AVAILABILITY = YES_AGGRESSIVE;
				CLANG_WARN_UNREACHABLE_CODE = YES;
				CLANG_WARN__DUPLICATE_METHOD_MATCH = YES;
				COPY_PHASE_STRIP = NO;
				DEBUG_INFORMATION_FORMAT = "dwarf-with-dsym";
				ENABLE_NS_ASSERTIONS = NO;
				ENABLE_STRICT_OBJC_MSGSEND = YES;
				ENABLE_USER_SCRIPT_SANDBOXING = YES;
				GCC_C_LANGUAGE_STANDARD = gnu17;
				GCC_NO_COMMON_BLOCKS = YES;
				GCC_WARN_64_TO_32_BIT_CONVERSION = YES;
				GCC_WARN_ABOUT_RETURN_TYPE = YES_ERROR;
				GCC_WARN_UNDECLARED_SELECTOR = YES;
				GCC_WARN_UNINITIALIZED_AUTOS = YES_AGGRESSIVE;
				GCC_WARN_UNUSED_FUNCTION = YES;
				GCC_WARN_UNUSED_VARIABLE = YES;
				IPHONEOS_DEPLOYMENT_TARGET = 17.0;
				LOCALIZATION_PREFERS_STRING_CATALOGS = YES;
				MTL_ENABLE_DEBUG_INFO = NO;
				MTL_FAST_MATH = YES;
				SDKROOT = iphoneos;
				SWIFT_COMPILATION_MODE = wholemodule;
				VALIDATE_PRODUCT = YES;
			};
			name = Release;
		};
		CE547ABC2B31D0120061534C /* Debug */ = {
			isa = XCBuildConfiguration;
			buildSettings = {
				ASSETCATALOG_COMPILER_APPICON_NAME = AppIcon;
				ASSETCATALOG_COMPILER_GLOBAL_ACCENT_COLOR_NAME = AccentColor;
				CODE_SIGN_STYLE = Automatic;
				CURRENT_PROJECT_VERSION = 1;
				GENERATE_INFOPLIST_FILE = YES;
				INFOPLIST_FILE = NewsAppInstant/Info.plist;
				INFOPLIST_KEY_UIApplicationSupportsIndirectInputEvents = YES;
				INFOPLIST_KEY_UILaunchStoryboardName = LaunchScreen;
				INFOPLIST_KEY_UISupportedInterfaceOrientations_iPad = "UIInterfaceOrientationPortrait UIInterfaceOrientationPortraitUpsideDown UIInterfaceOrientationLandscapeLeft UIInterfaceOrientationLandscapeRight";
				INFOPLIST_KEY_UISupportedInterfaceOrientations_iPhone = "UIInterfaceOrientationPortrait UIInterfaceOrientationLandscapeLeft UIInterfaceOrientationLandscapeRight";
				LD_RUNPATH_SEARCH_PATHS = (
					"$(inherited)",
					"@executable_path/Frameworks",
				);
				MARKETING_VERSION = 1.0;
				PRODUCT_BUNDLE_IDENTIFIER = com.power.system.kh.NewsAppInstant;
				PRODUCT_NAME = "$(TARGET_NAME)";
				SWIFT_EMIT_LOC_STRINGS = YES;
				SWIFT_VERSION = 5.0;
				TARGETED_DEVICE_FAMILY = "1,2";
			};
			name = Debug;
		};
		CE547ABD2B31D0120061534C /* Release */ = {
			isa = XCBuildConfiguration;
			buildSettings = {
				ASSETCATALOG_COMPILER_APPICON_NAME = AppIcon;
				ASSETCATALOG_COMPILER_GLOBAL_ACCENT_COLOR_NAME = AccentColor;
				CODE_SIGN_STYLE = Automatic;
				CURRENT_PROJECT_VERSION = 1;
				GENERATE_INFOPLIST_FILE = YES;
				INFOPLIST_FILE = NewsAppInstant/Info.plist;
				INFOPLIST_KEY_UIApplicationSupportsIndirectInputEvents = YES;
				INFOPLIST_KEY_UILaunchStoryboardName = LaunchScreen;
				INFOPLIST_KEY_UISupportedInterfaceOrientations_iPad = "UIInterfaceOrientationPortrait UIInterfaceOrientationPortraitUpsideDown UIInterfaceOrientationLandscapeLeft UIInterfaceOrientationLandscapeRight";
				INFOPLIST_KEY_UISupportedInterfaceOrientations_iPhone = "UIInterfaceOrientationPortrait UIInterfaceOrientationLandscapeLeft UIInterfaceOrientationLandscapeRight";
				LD_RUNPATH_SEARCH_PATHS = (
					"$(inherited)",
					"@executable_path/Frameworks",
				);
				MARKETING_VERSION = 1.0;
				PRODUCT_BUNDLE_IDENTIFIER = com.power.system.kh.NewsAppInstant;
				PRODUCT_NAME = "$(TARGET_NAME)";
				SWIFT_EMIT_LOC_STRINGS = YES;
				SWIFT_VERSION = 5.0;
				TARGETED_DEVICE_FAMILY = "1,2";
			};
			name = Release;
		};
		CE547ABF2B31D0120061534C /* Debug */ = {
			isa = XCBuildConfiguration;
			buildSettings = {
				ALWAYS_EMBED_SWIFT_STANDARD_LIBRARIES = YES;
				BUNDLE_LOADER = "$(TEST_HOST)";
				CODE_SIGN_STYLE = Automatic;
				CURRENT_PROJECT_VERSION = 1;
				GENERATE_INFOPLIST_FILE = YES;
				IPHONEOS_DEPLOYMENT_TARGET = 17.0;
				MARKETING_VERSION = 1.0;
				PRODUCT_BUNDLE_IDENTIFIER = com.power.system.kh.NewsAppInstantTests;
				PRODUCT_NAME = "$(TARGET_NAME)";
				SWIFT_EMIT_LOC_STRINGS = NO;
				SWIFT_VERSION = 5.0;
				TARGETED_DEVICE_FAMILY = "1,2";
				TEST_HOST = "$(BUILT_PRODUCTS_DIR)/NewsAppInstant.app/$(BUNDLE_EXECUTABLE_FOLDER_PATH)/NewsAppInstant";
			};
			name = Debug;
		};
		CE547AC02B31D0120061534C /* Release */ = {
			isa = XCBuildConfiguration;
			buildSettings = {
				ALWAYS_EMBED_SWIFT_STANDARD_LIBRARIES = YES;
				BUNDLE_LOADER = "$(TEST_HOST)";
				CODE_SIGN_STYLE = Automatic;
				CURRENT_PROJECT_VERSION = 1;
				GENERATE_INFOPLIST_FILE = YES;
				IPHONEOS_DEPLOYMENT_TARGET = 17.0;
				MARKETING_VERSION = 1.0;
				PRODUCT_BUNDLE_IDENTIFIER = com.power.system.kh.NewsAppInstantTests;
				PRODUCT_NAME = "$(TARGET_NAME)";
				SWIFT_EMIT_LOC_STRINGS = NO;
				SWIFT_VERSION = 5.0;
				TARGETED_DEVICE_FAMILY = "1,2";
				TEST_HOST = "$(BUILT_PRODUCTS_DIR)/NewsAppInstant.app/$(BUNDLE_EXECUTABLE_FOLDER_PATH)/NewsAppInstant";
			};
			name = Release;
		};
		CE547AC22B31D0120061534C /* Debug */ = {
			isa = XCBuildConfiguration;
			buildSettings = {
				ALWAYS_EMBED_SWIFT_STANDARD_LIBRARIES = YES;
				CODE_SIGN_STYLE = Automatic;
				CURRENT_PROJECT_VERSION = 1;
				GENERATE_INFOPLIST_FILE = YES;
				MARKETING_VERSION = 1.0;
				PRODUCT_BUNDLE_IDENTIFIER = com.power.system.kh.NewsAppInstantUITests;
				PRODUCT_NAME = "$(TARGET_NAME)";
				SWIFT_EMIT_LOC_STRINGS = NO;
				SWIFT_VERSION = 5.0;
				TARGETED_DEVICE_FAMILY = "1,2";
				TEST_TARGET_NAME = NewsAppInstant;
			};
			name = Debug;
		};
		CE547AC32B31D0120061534C /* Release */ = {
			isa = XCBuildConfiguration;
			buildSettings = {
				ALWAYS_EMBED_SWIFT_STANDARD_LIBRARIES = YES;
				CODE_SIGN_STYLE = Automatic;
				CURRENT_PROJECT_VERSION = 1;
				GENERATE_INFOPLIST_FILE = YES;
				MARKETING_VERSION = 1.0;
				PRODUCT_BUNDLE_IDENTIFIER = com.power.system.kh.NewsAppInstantUITests;
				PRODUCT_NAME = "$(TARGET_NAME)";
				SWIFT_EMIT_LOC_STRINGS = NO;
				SWIFT_VERSION = 5.0;
				TARGETED_DEVICE_FAMILY = "1,2";
				TEST_TARGET_NAME = NewsAppInstant;
			};
			name = Release;
		};
/* End XCBuildConfiguration section */

/* Begin XCConfigurationList section */
		CE547A8C2B31D0100061534C /* Build configuration list for PBXProject "NewsAppInstant" */ = {
			isa = XCConfigurationList;
			buildConfigurations = (
				CE547AB92B31D0120061534C /* Debug */,
				CE547ABA2B31D0120061534C /* Release */,
			);
			defaultConfigurationIsVisible = 0;
			defaultConfigurationName = Release;
		};
		CE547ABB2B31D0120061534C /* Build configuration list for PBXNativeTarget "NewsAppInstant" */ = {
			isa = XCConfigurationList;
			buildConfigurations = (
				CE547ABC2B31D0120061534C /* Debug */,
				CE547ABD2B31D0120061534C /* Release */,
			);
			defaultConfigurationIsVisible = 0;
			defaultConfigurationName = Release;
		};
		CE547ABE2B31D0120061534C /* Build configuration list for PBXNativeTarget "NewsAppInstantTests" */ = {
			isa = XCConfigurationList;
			buildConfigurations = (
				CE547ABF2B31D0120061534C /* Debug */,
				CE547AC02B31D0120061534C /* Release */,
			);
			defaultConfigurationIsVisible = 0;
			defaultConfigurationName = Release;
		};
		CE547AC12B31D0120061534C /* Build configuration list for PBXNativeTarget "NewsAppInstantUITests" */ = {
			isa = XCConfigurationList;
			buildConfigurations = (
				CE547AC22B31D0120061534C /* Debug */,
				CE547AC32B31D0120061534C /* Release */,
			);
			defaultConfigurationIsVisible = 0;
			defaultConfigurationName = Release;
		};
/* End XCConfigurationList section */
	};
	rootObject = CE547A892B31D0100061534C /* Project object */;
}
